
Microsoft Visual Studio Solution File, Format Version 12.00
# Visual Studio Version 16
VisualStudioVersion = 16.0.31205.134
MinimumVisualStudioVersion = 10.0.40219.1
Project("{FAE04EC0-301F-11D3-BF4B-00C04F79EFBC}") = "Lab1.1", "Lab1.1\Lab1.1.csproj", "{6AF0F5B6-3EB4-4E3A-B221-01259E25554F}"
EndProject
Project("{FAE04EC0-301F-11D3-BF4B-00C04F79EFBC}") = "Lab1.2", "Lab1.2\Lab1.2.csproj", "{46604E51-A30E-403B-B3AF-254723F6090E}"
EndProject
Project("{FAE04EC0-301F-11D3-BF4B-00C04F79EFBC}") = "Lab2.1", "Lab2.1\Lab2.1.csproj", "{596DB17A-2289-49AC-B281-65BFE2B85B19}"
EndProject
Project("{FAE04EC0-301F-11D3-BF4B-00C04F79EFBC}") = "Lab2.2", "Lab2.2\Lab2.2.csproj", "{9C8A4AE4-7549-44B1-8C24-7C35AB9549B2}"
EndProject
Project("{FAE04EC0-301F-11D3-BF4B-00C04F79EFBC}") = "Lab3.1(WhatDay1)", "Lab3.1\Lab3.1(WhatDay1).csproj", "{C09F2F1D-4382-414D-908C-22E6D9828EC9}"
EndProject
Project("{FAE04EC0-301F-11D3-BF4B-00C04F79EFBC}") = "Lab3.2(WhatDay2)", "Lab3.2\Lab3.2(WhatDay2).csproj", "{255BFD21-38E4-487E-B0B3-2B219BF07740}"
EndProject
Project("{FAE04EC0-301F-11D3-BF4B-00C04F79EFBC}") = "Lab3.3", "Lab3.3(WhatDay3)\Lab3.3.csproj", "{37163650-6178-4B6B-85E1-AD44F7ADB046}"
EndProject
Project("{FAE04EC0-301F-11D3-BF4B-00C04F79EFBC}") = "Lab4.1", "Lab4.1\Lab4.1.csproj", "{EFE0F5DF-DF04-4869-A670-B5DEDC51EF01}"
EndProject
Project("{FAE04EC0-301F-11D3-BF4B-00C04F79EFBC}") = "Lab4.2", "Lab4.2\Lab4.2.csproj", "{A83B8213-1ED0-4186-815B-A1620549672C}"
EndProject
Project("{FAE04EC0-301F-11D3-BF4B-00C04F79EFBC}") = "Lab4.3", "Lab4.3\Lab4.3.csproj", "{CA126816-2934-473B-8681-2410718D9A58}"
EndProject
Project("{FAE04EC0-301F-11D3-BF4B-00C04F79EFBC}") = "Lab5.1", "Lab5.1\Lab5.1.csproj", "{F74A182D-A977-4E35-8B9A-45EB0F37C42B}"
EndProject
Project("{FAE04EC0-301F-11D3-BF4B-00C04F79EFBC}") = "Lab5.2", "Lab5.2\Lab5.2.csproj", "{72A1C699-0137-4E49-90B9-F28250D8D35F}"
EndProject
Project("{FAE04EC0-301F-11D3-BF4B-00C04F79EFBC}") = "Lab6.1", "Lab6.1\Lab6.1.csproj", "{2CDD1F96-F481-4DAB-B5C0-8390F5B5AC70}"
EndProject
Project("{FAE04EC0-301F-11D3-BF4B-00C04F79EFBC}") = "Lab6.2", "Lab6.2\Lab6.2.csproj", "{47504DD4-3931-40C3-96C7-5F7AB0608453}"
EndProject
Project("{FAE04EC0-301F-11D3-BF4B-00C04F79EFBC}") = "Lab6.3", "Lab6.3\Lab6.3.csproj", "{1BDCFA37-9F95-4449-8A46-8067A8B153E2}"
EndProject
Project("{FAE04EC0-301F-11D3-BF4B-00C04F79EFBC}") = "Lab7.1", "Lab7.1\Lab7.1.csproj", "{380F497C-06D8-4132-BD1D-2DF496633C55}"
EndProject
Project("{FAE04EC0-301F-11D3-BF4B-00C04F79EFBC}") = "Lab7.2", "Lab7.2\Lab7.2.csproj", "{41EEDC44-B019-4A26-90B7-D4FCB1320D2F}"
EndProject
Project("{FAE04EC0-301F-11D3-BF4B-00C04F79EFBC}") = "Lab7.3", "Lab7.3\Lab7.3.csproj", "{A8FA8441-17A0-4618-A8B7-ED156FFEBCCF}"
EndProject
Project("{FAE04EC0-301F-11D3-BF4B-00C04F79EFBC}") = "Lab7.4", "Lab7.4\Lab7.4.csproj", "{F934AF2A-D744-4F07-B652-64930FEB6B11}"
EndProject
Project("{FAE04EC0-301F-11D3-BF4B-00C04F79EFBC}") = "Lab7.5", "Lab7.5\Lab7.5.csproj", "{EAADEFA2-3E55-4CDB-836A-4334961172FD}"
EndProject
Global
	GlobalSection(SolutionConfigurationPlatforms) = preSolution
		Debug|Any CPU = Debug|Any CPU
		Release|Any CPU = Release|Any CPU
	EndGlobalSection
	GlobalSection(ProjectConfigurationPlatforms) = postSolution
		{6AF0F5B6-3EB4-4E3A-B221-01259E25554F}.Debug|Any CPU.ActiveCfg = Debug|Any CPU
		{6AF0F5B6-3EB4-4E3A-B221-01259E25554F}.Debug|Any CPU.Build.0 = Debug|Any CPU
		{6AF0F5B6-3EB4-4E3A-B221-01259E25554F}.Release|Any CPU.ActiveCfg = Release|Any CPU
		{6AF0F5B6-3EB4-4E3A-B221-01259E25554F}.Release|Any CPU.Build.0 = Release|Any CPU
		{46604E51-A30E-403B-B3AF-254723F6090E}.Debug|Any CPU.ActiveCfg = Debug|Any CPU
		{46604E51-A30E-403B-B3AF-254723F6090E}.Debug|Any CPU.Build.0 = Debug|Any CPU
		{46604E51-A30E-403B-B3AF-254723F6090E}.Release|Any CPU.ActiveCfg = Release|Any CPU
		{46604E51-A30E-403B-B3AF-254723F6090E}.Release|Any CPU.Build.0 = Release|Any CPU
		{596DB17A-2289-49AC-B281-65BFE2B85B19}.Debug|Any CPU.ActiveCfg = Debug|Any CPU
		{596DB17A-2289-49AC-B281-65BFE2B85B19}.Debug|Any CPU.Build.0 = Debug|Any CPU
		{596DB17A-2289-49AC-B281-65BFE2B85B19}.Release|Any CPU.ActiveCfg = Release|Any CPU
		{596DB17A-2289-49AC-B281-65BFE2B85B19}.Release|Any CPU.Build.0 = Release|Any CPU
		{9C8A4AE4-7549-44B1-8C24-7C35AB9549B2}.Debug|Any CPU.ActiveCfg = Debug|Any CPU
		{9C8A4AE4-7549-44B1-8C24-7C35AB9549B2}.Debug|Any CPU.Build.0 = Debug|Any CPU
		{9C8A4AE4-7549-44B1-8C24-7C35AB9549B2}.Release|Any CPU.ActiveCfg = Release|Any CPU
		{9C8A4AE4-7549-44B1-8C24-7C35AB9549B2}.Release|Any CPU.Build.0 = Release|Any CPU
		{C09F2F1D-4382-414D-908C-22E6D9828EC9}.Debug|Any CPU.ActiveCfg = Debug|Any CPU
		{C09F2F1D-4382-414D-908C-22E6D9828EC9}.Debug|Any CPU.Build.0 = Debug|Any CPU
		{C09F2F1D-4382-414D-908C-22E6D9828EC9}.Release|Any CPU.ActiveCfg = Release|Any CPU
		{C09F2F1D-4382-414D-908C-22E6D9828EC9}.Release|Any CPU.Build.0 = Release|Any CPU
		{255BFD21-38E4-487E-B0B3-2B219BF07740}.Debug|Any CPU.ActiveCfg = Debug|Any CPU
		{255BFD21-38E4-487E-B0B3-2B219BF07740}.Debug|Any CPU.Build.0 = Debug|Any CPU
		{255BFD21-38E4-487E-B0B3-2B219BF07740}.Release|Any CPU.ActiveCfg = Release|Any CPU
		{255BFD21-38E4-487E-B0B3-2B219BF07740}.Release|Any CPU.Build.0 = Release|Any CPU
		{37163650-6178-4B6B-85E1-AD44F7ADB046}.Debug|Any CPU.ActiveCfg = Debug|Any CPU
		{37163650-6178-4B6B-85E1-AD44F7ADB046}.Debug|Any CPU.Build.0 = Debug|Any CPU
		{37163650-6178-4B6B-85E1-AD44F7ADB046}.Release|Any CPU.ActiveCfg = Release|Any CPU
		{37163650-6178-4B6B-85E1-AD44F7ADB046}.Release|Any CPU.Build.0 = Release|Any CPU
		{EFE0F5DF-DF04-4869-A670-B5DEDC51EF01}.Debug|Any CPU.ActiveCfg = Debug|Any CPU
		{EFE0F5DF-DF04-4869-A670-B5DEDC51EF01}.Debug|Any CPU.Build.0 = Debug|Any CPU
		{EFE0F5DF-DF04-4869-A670-B5DEDC51EF01}.Release|Any CPU.ActiveCfg = Release|Any CPU
		{EFE0F5DF-DF04-4869-A670-B5DEDC51EF01}.Release|Any CPU.Build.0 = Release|Any CPU
		{A83B8213-1ED0-4186-815B-A1620549672C}.Debug|Any CPU.ActiveCfg = Debug|Any CPU
		{A83B8213-1ED0-4186-815B-A1620549672C}.Debug|Any CPU.Build.0 = Debug|Any CPU
		{A83B8213-1ED0-4186-815B-A1620549672C}.Release|Any CPU.ActiveCfg = Release|Any CPU
		{A83B8213-1ED0-4186-815B-A1620549672C}.Release|Any CPU.Build.0 = Release|Any CPU
		{CA126816-2934-473B-8681-2410718D9A58}.Debug|Any CPU.ActiveCfg = Debug|Any CPU
		{CA126816-2934-473B-8681-2410718D9A58}.Debug|Any CPU.Build.0 = Debug|Any CPU
		{CA126816-2934-473B-8681-2410718D9A58}.Release|Any CPU.ActiveCfg = Release|Any CPU
		{CA126816-2934-473B-8681-2410718D9A58}.Release|Any CPU.Build.0 = Release|Any CPU
		{F74A182D-A977-4E35-8B9A-45EB0F37C42B}.Debug|Any CPU.ActiveCfg = Debug|Any CPU
		{F74A182D-A977-4E35-8B9A-45EB0F37C42B}.Debug|Any CPU.Build.0 = Debug|Any CPU
		{F74A182D-A977-4E35-8B9A-45EB0F37C42B}.Release|Any CPU.ActiveCfg = Release|Any CPU
		{F74A182D-A977-4E35-8B9A-45EB0F37C42B}.Release|Any CPU.Build.0 = Release|Any CPU
		{72A1C699-0137-4E49-90B9-F28250D8D35F}.Debug|Any CPU.ActiveCfg = Debug|Any CPU
		{72A1C699-0137-4E49-90B9-F28250D8D35F}.Debug|Any CPU.Build.0 = Debug|Any CPU
		{72A1C699-0137-4E49-90B9-F28250D8D35F}.Release|Any CPU.ActiveCfg = Release|Any CPU
		{72A1C699-0137-4E49-90B9-F28250D8D35F}.Release|Any CPU.Build.0 = Release|Any CPU
		{2CDD1F96-F481-4DAB-B5C0-8390F5B5AC70}.Debug|Any CPU.ActiveCfg = Debug|Any CPU
		{2CDD1F96-F481-4DAB-B5C0-8390F5B5AC70}.Debug|Any CPU.Build.0 = Debug|Any CPU
		{2CDD1F96-F481-4DAB-B5C0-8390F5B5AC70}.Release|Any CPU.ActiveCfg = Release|Any CPU
		{2CDD1F96-F481-4DAB-B5C0-8390F5B5AC70}.Release|Any CPU.Build.0 = Release|Any CPU
		{47504DD4-3931-40C3-96C7-5F7AB0608453}.Debug|Any CPU.ActiveCfg = Debug|Any CPU
		{47504DD4-3931-40C3-96C7-5F7AB0608453}.Debug|Any CPU.Build.0 = Debug|Any CPU
		{47504DD4-3931-40C3-96C7-5F7AB0608453}.Release|Any CPU.ActiveCfg = Release|Any CPU
		{47504DD4-3931-40C3-96C7-5F7AB0608453}.Release|Any CPU.Build.0 = Release|Any CPU
		{1BDCFA37-9F95-4449-8A46-8067A8B153E2}.Debug|Any CPU.ActiveCfg = Debug|Any CPU
		{1BDCFA37-9F95-4449-8A46-8067A8B153E2}.Debug|Any CPU.Build.0 = Debug|Any CPU
		{1BDCFA37-9F95-4449-8A46-8067A8B153E2}.Release|Any CPU.ActiveCfg = Release|Any CPU
		{1BDCFA37-9F95-4449-8A46-8067A8B153E2}.Release|Any CPU.Build.0 = Release|Any CPU
		{380F497C-06D8-4132-BD1D-2DF496633C55}.Debug|Any CPU.ActiveCfg = Debug|Any CPU
		{380F497C-06D8-4132-BD1D-2DF496633C55}.Debug|Any CPU.Build.0 = Debug|Any CPU
		{380F497C-06D8-4132-BD1D-2DF496633C55}.Release|Any CPU.ActiveCfg = Release|Any CPU
		{380F497C-06D8-4132-BD1D-2DF496633C55}.Release|Any CPU.Build.0 = Release|Any CPU
		{41EEDC44-B019-4A26-90B7-D4FCB1320D2F}.Debug|Any CPU.ActiveCfg = Debug|Any CPU
		{41EEDC44-B019-4A26-90B7-D4FCB1320D2F}.Debug|Any CPU.Build.0 = Debug|Any CPU
		{41EEDC44-B019-4A26-90B7-D4FCB1320D2F}.Release|Any CPU.ActiveCfg = Release|Any CPU
		{41EEDC44-B019-4A26-90B7-D4FCB1320D2F}.Release|Any CPU.Build.0 = Release|Any CPU
		{A8FA8441-17A0-4618-A8B7-ED156FFEBCCF}.Debug|Any CPU.ActiveCfg = Debug|Any CPU
		{A8FA8441-17A0-4618-A8B7-ED156FFEBCCF}.Debug|Any CPU.Build.0 = Debug|Any CPU
		{A8FA8441-17A0-4618-A8B7-ED156FFEBCCF}.Release|Any CPU.ActiveCfg = Release|Any CPU
		{A8FA8441-17A0-4618-A8B7-ED156FFEBCCF}.Release|Any CPU.Build.0 = Release|Any CPU
		{F934AF2A-D744-4F07-B652-64930FEB6B11}.Debug|Any CPU.ActiveCfg = Debug|Any CPU
		{F934AF2A-D744-4F07-B652-64930FEB6B11}.Debug|Any CPU.Build.0 = Debug|Any CPU
		{F934AF2A-D744-4F07-B652-64930FEB6B11}.Release|Any CPU.ActiveCfg = Release|Any CPU
		{F934AF2A-D744-4F07-B652-64930FEB6B11}.Release|Any CPU.Build.0 = Release|Any CPU
		{EAADEFA2-3E55-4CDB-836A-4334961172FD}.Debug|Any CPU.ActiveCfg = Debug|Any CPU
		{EAADEFA2-3E55-4CDB-836A-4334961172FD}.Debug|Any CPU.Build.0 = Debug|Any CPU
		{EAADEFA2-3E55-4CDB-836A-4334961172FD}.Release|Any CPU.ActiveCfg = Release|Any CPU
		{EAADEFA2-3E55-4CDB-836A-4334961172FD}.Release|Any CPU.Build.0 = Release|Any CPU
	EndGlobalSection
	GlobalSection(SolutionProperties) = preSolution
		HideSolutionNode = FALSE
	EndGlobalSection
	GlobalSection(ExtensibilityGlobals) = postSolution
		SolutionGuid = {73DE7BCA-F6FB-402B-8995-84E18A1EDEDF}
	EndGlobalSection
EndGlobal
